Microsoft Visual Studio Solution File, Format Version 11.00
# Visual Studio 2008

Project("{0AEE7C42-AC0D-F42D-DCF1-AB194AC71547}") = "ARsuika", "Assembly-CSharp-firstpass.csproj", "{2CF7E4EE-70BC-ADE8-6BB8-1A262E2A72E0}"
EndProject
Project("{0AEE7C42-AC0D-F42D-DCF1-AB194AC71547}") = "ARsuika", "Assembly-CSharp.csproj", "{9C0E8853-2EF9-1C0A-282B-D8585DF7BD5E}"
EndProject
Project("{0AEE7C42-AC0D-F42D-DCF1-AB194AC71547}") = "ARsuika", "Assembly-CSharp-Editor-firstpass.csproj", "{C7DAB46F-C414-2021-F1FA-E2A889FC4CD3}"
EndProject
Project("{0AEE7C42-AC0D-F42D-DCF1-AB194AC71547}") = "ARsuika", "Assembly-CSharp-Editor.csproj", "{71972BD8-D2DB-1B8B-18ED-2C7CB189E70C}"
EndProject
Global
	GlobalSection(SolutionConfigurationPlatforms) = preSolution
		Debug|Any CPU = Debug|Any CPU
		Release|Any CPU = Release|Any CPU
	EndGlobalSection
	GlobalSection(ProjectConfigurationPlatforms) = postSolution
		{2CF7E4EE-70BC-ADE8-6BB8-1A262E2A72E0}.Debug|Any CPU.ActiveCfg = Debug|Any CPU
		{2CF7E4EE-70BC-ADE8-6BB8-1A262E2A72E0}.Debug|Any CPU.Build.0 = Debug|Any CPU
		{2CF7E4EE-70BC-ADE8-6BB8-1A262E2A72E0}.Release|Any CPU.ActiveCfg = Release|Any CPU
		{2CF7E4EE-70BC-ADE8-6BB8-1A262E2A72E0}.Release|Any CPU.Build.0 = Release|Any CPU
		{9C0E8853-2EF9-1C0A-282B-D8585DF7BD5E}.Debug|Any CPU.ActiveCfg = Debug|Any CPU
		{9C0E8853-2EF9-1C0A-282B-D8585DF7BD5E}.Debug|Any CPU.Build.0 = Debug|Any CPU
		{9C0E8853-2EF9-1C0A-282B-D8585DF7BD5E}.Release|Any CPU.ActiveCfg = Release|Any CPU
		{9C0E8853-2EF9-1C0A-282B-D8585DF7BD5E}.Release|Any CPU.Build.0 = Release|Any CPU
		{C7DAB46F-C414-2021-F1FA-E2A889FC4CD3}.Debug|Any CPU.ActiveCfg = Debug|Any CPU
		{C7DAB46F-C414-2021-F1FA-E2A889FC4CD3}.Debug|Any CPU.Build.0 = Debug|Any CPU
		{C7DAB46F-C414-2021-F1FA-E2A889FC4CD3}.Release|Any CPU.ActiveCfg = Release|Any CPU
		{C7DAB46F-C414-2021-F1FA-E2A889FC4CD3}.Release|Any CPU.Build.0 = Release|Any CPU
		{71972BD8-D2DB-1B8B-18ED-2C7CB189E70C}.Debug|Any CPU.ActiveCfg = Debug|Any CPU
		{71972BD8-D2DB-1B8B-18ED-2C7CB189E70C}.Debug|Any CPU.Build.0 = Debug|Any CPU
		{71972BD8-D2DB-1B8B-18ED-2C7CB189E70C}.Release|Any CPU.ActiveCfg = Release|Any CPU
		{71972BD8-D2DB-1B8B-18ED-2C7CB189E70C}.Release|Any CPU.Build.0 = Release|Any CPU
	EndGlobalSection
	GlobalSection(SolutionProperties) = preSolution
		HideSolutionNode = FALSE
	EndGlobalSection
	GlobalSection(MonoDevelopProperties) = preSolution
		StartupItem = Assembly-CSharp.csproj
	EndGlobalSection
EndGlobal
